
Microsoft Visual Studio Solution File, Format Version 12.00
# Visual Studio Version 17
VisualStudioVersion = 17.9.34728.123
MinimumVisualStudioVersion = 10.0.40219.1
Project("{FAE04EC0-301F-11D3-BF4B-00C04F79EFBC}") = "PicturePuzzleGame", "PicturePuzzleGame\PicturePuzzleGame.csproj", "{32F43498-A292-4097-B411-049377078C01}"
EndProject
Global
	GlobalSection(SolutionConfigurationPlatforms) = preSolution
		Debug|Any CPU = Debug|Any CPU
		Release|Any CPU = Release|Any CPU
	EndGlobalSection
	GlobalSection(ProjectConfigurationPlatforms) = postSolution
		{32F43498-A292-4097-B411-049377078C01}.Debug|Any CPU.ActiveCfg = Debug|Any CPU
		{32F43498-A292-4097-B411-049377078C01}.Debug|Any CPU.Build.0 = Debug|Any CPU
		{32F43498-A292-4097-B411-049377078C01}.Release|Any CPU.ActiveCfg = Release|Any CPU
		{32F43498-A292-4097-B411-049377078C01}.Release|Any CPU.Build.0 = Release|Any CPU
	EndGlobalSection
	GlobalSection(SolutionProperties) = preSolution
		HideSolutionNode = FALSE
	EndGlobalSection
	GlobalSection(ExtensibilityGlobals) = postSolution
		SolutionGuid = {4F30ED0A-082C-4830-9C9A-2DEC6FC8F37E}
	EndGlobalSection
EndGlobal
